
Microsoft Visual Studio Solution File, Format Version 11.00
# Visual Studio 2010
Project("{FAE04EC0-301F-11D3-BF4B-00C04F79EFBC}") = "PoolBoi", "Assembly-CSharp.csproj", "{D589576E-209F-5E4B-CA51-BB3BDC953898}"
EndProject
Global
	GlobalSection(SolutionConfigurationPlatforms) = preSolution
		Debug|Any CPU = Debug|Any CPU
		Release|Any CPU = Release|Any CPU
	EndGlobalSection
	GlobalSection(ProjectConfigurationPlatforms) = postSolution
		{D589576E-209F-5E4B-CA51-BB3BDC953898}.Debug|Any CPU.ActiveCfg = Debug|Any CPU
		{D589576E-209F-5E4B-CA51-BB3BDC953898}.Debug|Any CPU.Build.0 = Debug|Any CPU
		{D589576E-209F-5E4B-CA51-BB3BDC953898}.Release|Any CPU.ActiveCfg = Release|Any CPU
		{D589576E-209F-5E4B-CA51-BB3BDC953898}.Release|Any CPU.Build.0 = Release|Any CPU
	EndGlobalSection
	GlobalSection(SolutionProperties) = preSolution
		HideSolutionNode = FALSE
	EndGlobalSection
	GlobalSection(MonoDevelopProperties) = preSolution
		StartupItem = Assembly-CSharp.csproj
	EndGlobalSection
EndGlobal
